
Microsoft Visual Studio Solution File, Format Version 12.00
# Visual Studio Version 17
VisualStudioVersion = 17.5.33424.131
MinimumVisualStudioVersion = 10.0.40219.1
Project("{9A19103F-16F7-4668-BE54-9A1E7A4F7556}") = "ServiceHost", "ServiceHost\ServiceHost.csproj", "{2E021BE6-C257-4ACA-A05E-350D8B30E96C}"
EndProject
Project("{2150E333-8FDC-42A3-9474-1A3956D46DE8}") = "01.Domain", "01.Domain", "{0295CCD7-C2C1-4632-90B7-0AEE0C41A6A0}"
EndProject
Project("{2150E333-8FDC-42A3-9474-1A3956D46DE8}") = "02.Application", "02.Application", "{6A423938-1D96-4A46-AC93-EB0F828ACFB0}"
EndProject
Project("{2150E333-8FDC-42A3-9474-1A3956D46DE8}") = "03.Infrastructure", "03.Infrastructure", "{12A541B8-9D20-4C3F-8BF3-45418DA71EFF}"
EndProject
Project("{2150E333-8FDC-42A3-9474-1A3956D46DE8}") = "04.Framwork", "04.Framwork", "{4B31A32A-DA9B-4728-9C61-A093C7B2DC51}"
EndProject
Project("{9A19103F-16F7-4668-BE54-9A1E7A4F7556}") = "ECS.Domain", "ECS.Domain\ECS.Domain.csproj", "{43E3883B-B41E-409A-A7BA-D966D0AD1D60}"
EndProject
Project("{FAE04EC0-301F-11D3-BF4B-00C04F79EFBC}") = "ECS.Infrastructure", "ECS.Infrastructure\ECS.Infrastructure.csproj", "{947A22E1-B802-4915-8F69-01B93AAA8083}"
EndProject
Global
	GlobalSection(SolutionConfigurationPlatforms) = preSolution
		Debug|Any CPU = Debug|Any CPU
		Release|Any CPU = Release|Any CPU
	EndGlobalSection
	GlobalSection(ProjectConfigurationPlatforms) = postSolution
		{2E021BE6-C257-4ACA-A05E-350D8B30E96C}.Debug|Any CPU.ActiveCfg = Debug|Any CPU
		{2E021BE6-C257-4ACA-A05E-350D8B30E96C}.Debug|Any CPU.Build.0 = Debug|Any CPU
		{2E021BE6-C257-4ACA-A05E-350D8B30E96C}.Release|Any CPU.ActiveCfg = Release|Any CPU
		{2E021BE6-C257-4ACA-A05E-350D8B30E96C}.Release|Any CPU.Build.0 = Release|Any CPU
		{43E3883B-B41E-409A-A7BA-D966D0AD1D60}.Debug|Any CPU.ActiveCfg = Debug|Any CPU
		{43E3883B-B41E-409A-A7BA-D966D0AD1D60}.Debug|Any CPU.Build.0 = Debug|Any CPU
		{43E3883B-B41E-409A-A7BA-D966D0AD1D60}.Release|Any CPU.ActiveCfg = Release|Any CPU
		{43E3883B-B41E-409A-A7BA-D966D0AD1D60}.Release|Any CPU.Build.0 = Release|Any CPU
		{947A22E1-B802-4915-8F69-01B93AAA8083}.Debug|Any CPU.ActiveCfg = Debug|Any CPU
		{947A22E1-B802-4915-8F69-01B93AAA8083}.Debug|Any CPU.Build.0 = Debug|Any CPU
		{947A22E1-B802-4915-8F69-01B93AAA8083}.Release|Any CPU.ActiveCfg = Release|Any CPU
		{947A22E1-B802-4915-8F69-01B93AAA8083}.Release|Any CPU.Build.0 = Release|Any CPU
	EndGlobalSection
	GlobalSection(SolutionProperties) = preSolution
		HideSolutionNode = FALSE
	EndGlobalSection
	GlobalSection(NestedProjects) = preSolution
		{43E3883B-B41E-409A-A7BA-D966D0AD1D60} = {0295CCD7-C2C1-4632-90B7-0AEE0C41A6A0}
		{947A22E1-B802-4915-8F69-01B93AAA8083} = {12A541B8-9D20-4C3F-8BF3-45418DA71EFF}
	EndGlobalSection
	GlobalSection(ExtensibilityGlobals) = postSolution
		SolutionGuid = {F1D2C1CE-7913-4824-835C-8B146DC84701}
	EndGlobalSection
EndGlobal
